
Microsoft Visual Studio Solution File, Format Version 12.00
# Visual Studio Version 16
VisualStudioVersion = 16.0.30804.86
MinimumVisualStudioVersion = 10.0.40219.1
Project("{FAE04EC0-301F-11D3-BF4B-00C04F79EFBC}") = "MyFactoryClientType2", "MyFactoryClientType2\MyFactoryClientType2.csproj", "{C34D9AC7-FA1D-4018-85F7-5BC2F82EB3E1}"
EndProject
Global
	GlobalSection(SolutionConfigurationPlatforms) = preSolution
		Debug|Any CPU = Debug|Any CPU
		Release|Any CPU = Release|Any CPU
	EndGlobalSection
	GlobalSection(ProjectConfigurationPlatforms) = postSolution
		{C34D9AC7-FA1D-4018-85F7-5BC2F82EB3E1}.Debug|Any CPU.ActiveCfg = Debug|Any CPU
		{C34D9AC7-FA1D-4018-85F7-5BC2F82EB3E1}.Debug|Any CPU.Build.0 = Debug|Any CPU
		{C34D9AC7-FA1D-4018-85F7-5BC2F82EB3E1}.Release|Any CPU.ActiveCfg = Release|Any CPU
		{C34D9AC7-FA1D-4018-85F7-5BC2F82EB3E1}.Release|Any CPU.Build.0 = Release|Any CPU
	EndGlobalSection
	GlobalSection(SolutionProperties) = preSolution
		HideSolutionNode = FALSE
	EndGlobalSection
	GlobalSection(ExtensibilityGlobals) = postSolution
		SolutionGuid = {EB8BDE20-15D8-4A0C-BE0F-6311C80679A9}
	EndGlobalSection
EndGlobal
